// !$*UTF8*$!
{
	archiveVersion = 1;
	classes = {
	};
	objectVersion = 46;
	objects = {

/* Begin PBXBuildFile section */
		44A2327F1BAC69C3005E2348 /* main.m in Sources */ = {isa = PBXBuildFile; fileRef = 44A2327E1BAC69C3005E2348 /* main.m */; };
		44A232821BAC69C3005E2348 /* AppDelegate.m in Sources */ = {isa = PBXBuildFile; fileRef = 44A232811BAC69C3005E2348 /* AppDelegate.m */; };
		44A232851BAC69C3005E2348 /* ViewController.m in Sources */ = {isa = PBXBuildFile; fileRef = 44A232841BAC69C3005E2348 /* ViewController.m */; };
		44A232881BAC69C3005E2348 /* Main.storyboard in Resources */ = {isa = PBXBuildFile; fileRef = 44A232861BAC69C3005E2348 /* Main.storyboard */; };
		44A2328A1BAC69C3005E2348 /* Assets.xcassets in Resources */ = {isa = PBXBuildFile; fileRef = 44A232891BAC69C3005E2348 /* Assets.xcassets */; };
		44A2328D1BAC69C3005E2348 /* LaunchScreen.storyboard in Resources */ = {isa = PBXBuildFile; fileRef = 44A2328B1BAC69C3005E2348 /* LaunchScreen.storyboard */; };
		44A232981BAC69C3005E2348 /* ClassMembersTests.m in Sources */ = {isa = PBXBuildFile; fileRef = 44A232971BAC69C3005E2348 /* ClassMembersTests.m */; };
		44A232A31BAC69C3005E2348 /* ClassMembersUITests.m in Sources */ = {isa = PBXBuildFile; fileRef = 44A232A21BAC69C3005E2348 /* ClassMembersUITests.m */; };
		44A232B51BADC030005E2348 /* DetailViewController.m in Sources */ = {isa = PBXBuildFile; fileRef = 44A232B41BADC030005E2348 /* DetailViewController.m */; settings = {ASSET_TAGS = (); }; };
/* End PBXBuildFile section */

/* Begin PBXContainerItemProxy section */
		44A232941BAC69C3005E2348 /* PBXContainerItemProxy */ = {
			isa = PBXContainerItemProxy;
			containerPortal = 44A232721BAC69C3005E2348 /* Project object */;
			proxyType = 1;
			remoteGlobalIDString = 44A232791BAC69C3005E2348;
			remoteInfo = ClassMembers;
		};
		44A2329F1BAC69C3005E2348 /* PBXContainerItemProxy */ = {
			isa = PBXContainerItemProxy;
			containerPortal = 44A232721BAC69C3005E2348 /* Project object */;
			proxyType = 1;
			remoteGlobalIDString = 44A232791BAC69C3005E2348;
			remoteInfo = ClassMembers;
		};
/* End PBXContainerItemProxy section */

/* Begin PBXFileReference section */
		44A2327A1BAC69C3005E2348 /* ClassMembers.app */ = {isa = PBXFileReference; explicitFileType = wrapper.application; includeInIndex = 0; path = ClassMembers.app; sourceTree = BUILT_PRODUCTS_DIR; };
		44A2327E1BAC69C3005E2348 /* main.m */ = {isa = PBXFileReference; lastKnownFileType = sourcecode.c.objc; path = main.m; sourceTree = "<group>"; };
		44A232801BAC69C3005E2348 /* AppDelegate.h */ = {isa = PBXFileReference; lastKnownFileType = sourcecode.c.h; path = AppDelegate.h; sourceTree = "<group>"; };
		44A232811BAC69C3005E2348 /* AppDelegate.m */ = {isa = PBXFileReference; lastKnownFileType = sourcecode.c.objc; path = AppDelegate.m; sourceTree = "<group>"; };
		44A232831BAC69C3005E2348 /* ViewController.h */ = {isa = PBXFileReference; lastKnownFileType = sourcecode.c.h; path = ViewController.h; sourceTree = "<group>"; };
		44A232841BAC69C3005E2348 /* ViewController.m */ = {isa = PBXFileReference; lastKnownFileType = sourcecode.c.objc; path = ViewController.m; sourceTree = "<group>"; };
		44A232871BAC69C3005E2348 /* Base */ = {isa = PBXFileReference; lastKnownFileType = file.storyboard; name = Base; path = Base.lproj/Main.storyboard; sourceTree = "<group>"; };
		44A232891BAC69C3005E2348 /* Assets.xcassets */ = {isa = PBXFileReference; lastKnownFileType = folder.assetcatalog; path = Assets.xcassets; sourceTree = "<group>"; };
		44A2328C1BAC69C3005E2348 /* Base */ = {isa = PBXFileReference; lastKnownFileType = file.storyboard; name = Base; path = Base.lproj/LaunchScreen.storyboard; sourceTree = "<group>"; };
		44A2328E1BAC69C3005E2348 /* Info.plist */ = {isa = PBXFileReference; lastKnownFileType = text.plist.xml; path = Info.plist; sourceTree = "<group>"; };
		44A232931BAC69C3005E2348 /* ClassMembersTests.xctest */ = {isa = PBXFileReference; explicitFileType = wrapper.cfbundle; includeInIndex = 0; path = ClassMembersTests.xctest; sourceTree = BUILT_PRODUCTS_DIR; };
		44A232971BAC69C3005E2348 /* ClassMembersTests.m */ = {isa = PBXFileReference; lastKnownFileType = sourcecode.c.objc; path = ClassMembersTests.m; sourceTree = "<group>"; };
		44A232991BAC69C3005E2348 /* Info.plist */ = {isa = PBXFileReference; lastKnownFileType = text.plist.xml; path = Info.plist; sourceTree = "<group>"; };
		44A2329E1BAC69C3005E2348 /* ClassMembersUITests.xctest */ = {isa = PBXFileReference; explicitFileType = wrapper.cfbundle; includeInIndex = 0; path = ClassMembersUITests.xctest; sourceTree = BUILT_PRODUCTS_DIR; };
		44A232A21BAC69C3005E2348 /* ClassMembersUITests.m */ = {isa = PBXFileReference; lastKnownFileType = sourcecode.c.objc; path = ClassMembersUITests.m; sourceTree = "<group>"; };
		44A232A41BAC69C3005E2348 /* Info.plist */ = {isa = PBXFileReference; lastKnownFileType = text.plist.xml; path = Info.plist; sourceTree = "<group>"; };
		44A232B31BADC030005E2348 /* DetailViewController.h */ = {isa = PBXFileReference; fileEncoding = 4; lastKnownFileType = sourcecode.c.h; path = DetailViewController.h; sourceTree = "<group>"; };
		44A232B41BADC030005E2348 /* DetailViewController.m */ = {isa = PBXFileReference; fileEncoding = 4; lastKnownFileType = sourcecode.c.objc; path = DetailViewController.m; sourceTree = "<group>"; };
/* End PBXFileReference section */

/* Begin PBXFrameworksBuildPhase section */
		44A232771BAC69C3005E2348 /* Frameworks */ = {
			isa = PBXFrameworksBuildPhase;
			buildActionMask = 2147483647;
			files = (
			);
			runOnlyForDeploymentPostprocessing = 0;
		};
		44A232901BAC69C3005E2348 /* Frameworks */ = {
			isa = PBXFrameworksBuildPhase;
			buildActionMask = 2147483647;
			files = (
			);
			runOnlyForDeploymentPostprocessing = 0;
		};
		44A2329B1BAC69C3005E2348 /* Frameworks */ = {
			isa = PBXFrameworksBuildPhase;
			buildActionMask = 2147483647;
			files = (
			);
			runOnlyForDeploymentPostprocessing = 0;
		};
/* End PBXFrameworksBuildPhase section */

/* Begin PBXGroup section */
		44A232711BAC69C3005E2348 = {
			isa = PBXGroup;
			children = (
				44A2327C1BAC69C3005E2348 /* ClassMembers */,
				44A232961BAC69C3005E2348 /* ClassMembersTests */,
				44A232A11BAC69C3005E2348 /* ClassMembersUITests */,
				44A2327B1BAC69C3005E2348 /* Products */,
			);
			sourceTree = "<group>";
		};
		44A2327B1BAC69C3005E2348 /* Products */ = {
			isa = PBXGroup;
			children = (
				44A2327A1BAC69C3005E2348 /* ClassMembers.app */,
				44A232931BAC69C3005E2348 /* ClassMembersTests.xctest */,
				44A2329E1BAC69C3005E2348 /* ClassMembersUITests.xctest */,
			);
			name = Products;
			sourceTree = "<group>";
		};
		44A2327C1BAC69C3005E2348 /* ClassMembers */ = {
			isa = PBXGroup;
			children = (
				44A232801BAC69C3005E2348 /* AppDelegate.h */,
				44A232811BAC69C3005E2348 /* AppDelegate.m */,
				44A232831BAC69C3005E2348 /* ViewController.h */,
				44A232841BAC69C3005E2348 /* ViewController.m */,
				44A232B31BADC030005E2348 /* DetailViewController.h */,
				44A232B41BADC030005E2348 /* DetailViewController.m */,
				44A232861BAC69C3005E2348 /* Main.storyboard */,
				44A232891BAC69C3005E2348 /* Assets.xcassets */,
				44A2328B1BAC69C3005E2348 /* LaunchScreen.storyboard */,
				44A2328E1BAC69C3005E2348 /* Info.plist */,
				44A2327D1BAC69C3005E2348 /* Supporting Files */,
			);
			path = ClassMembers;
			sourceTree = "<group>";
		};
		44A2327D1BAC69C3005E2348 /* Supporting Files */ = {
			isa = PBXGroup;
			children = (
				44A2327E1BAC69C3005E2348 /* main.m */,
			);
			name = "Supporting Files";
			sourceTree = "<group>";
		};
		44A232961BAC69C3005E2348 /* ClassMembersTests */ = {
			isa = PBXGroup;
			children = (
				44A232971BAC69C3005E2348 /* ClassMembersTests.m */,
				44A232991BAC69C3005E2348 /* Info.plist */,
			);
			path = ClassMembersTests;
			sourceTree = "<group>";
		};
		44A232A11BAC69C3005E2348 /* ClassMembersUITests */ = {
			isa = PBXGroup;
			children = (
				44A232A21BAC69C3005E2348 /* ClassMembersUITests.m */,
				44A232A41BAC69C3005E2348 /* Info.plist */,
			);
			path = ClassMembersUITests;
			sourceTree = "<group>";
		};
/* End PBXGroup section */

/* Begin PBXNativeTarget section */
		44A232791BAC69C3005E2348 /* ClassMembers */ = {
			isa = PBXNativeTarget;
			buildConfigurationList = 44A232A71BAC69C3005E2348 /* Build configuration list for PBXNativeTarget "ClassMembers" */;
			buildPhases = (
				44A232761BAC69C3005E2348 /* Sources */,
				44A232771BAC69C3005E2348 /* Frameworks */,
				44A232781BAC69C3005E2348 /* Resources */,
			);
			buildRules = (
			);
			dependencies = (
			);
			name = ClassMembers;
			productName = ClassMembers;
			productReference = 44A2327A1BAC69C3005E2348 /* ClassMembers.app */;
			productType = "com.apple.product-type.application";
		};
		44A232921BAC69C3005E2348 /* ClassMembersTests */ = {
			isa = PBXNativeTarget;
			buildConfigurationList = 44A232AA1BAC69C3005E2348 /* Build configuration list for PBXNativeTarget "ClassMembersTests" */;
			buildPhases = (
				44A2328F1BAC69C3005E2348 /* Sources */,
				44A232901BAC69C3005E2348 /* Frameworks */,
				44A232911BAC69C3005E2348 /* Resources */,
			);
			buildRules = (
			);
			dependencies = (
				44A232951BAC69C3005E2348 /* PBXTargetDependency */,
			);
			name = ClassMembersTests;
			productName = ClassMembersTests;
			productReference = 44A232931BAC69C3005E2348 /* ClassMembersTests.xctest */;
			productType = "com.apple.product-type.bundle.unit-test";
		};
		44A2329D1BAC69C3005E2348 /* ClassMembersUITests */ = {
			isa = PBXNativeTarget;
			buildConfigurationList = 44A232AD1BAC69C3005E2348 /* Build configuration list for PBXNativeTarget "ClassMembersUITests" */;
			buildPhases = (
				44A2329A1BAC69C3005E2348 /* Sources */,
				44A2329B1BAC69C3005E2348 /* Frameworks */,
				44A2329C1BAC69C3005E2348 /* Resources */,
			);
			buildRules = (
			);
			dependencies = (
				44A232A01BAC69C3005E2348 /* PBXTargetDependency */,
			);
			name = ClassMembersUITests;
			productName = ClassMembersUITests;
			productReference = 44A2329E1BAC69C3005E2348 /* ClassMembersUITests.xctest */;
			productType = "com.apple.product-type.bundle.ui-testing";
		};
/* End PBXNativeTarget section */

/* Begin PBXProject section */
		44A232721BAC69C3005E2348 /* Project object */ = {
			isa = PBXProject;
			attributes = {
				LastUpgradeCheck = 0700;
				ORGANIZATIONNAME = "Awesometistic, LLC";
				TargetAttributes = {
					44A232791BAC69C3005E2348 = {
						CreatedOnToolsVersion = 7.0;
					};
					44A232921BAC69C3005E2348 = {
						CreatedOnToolsVersion = 7.0;
						TestTargetID = 44A232791BAC69C3005E2348;
					};
					44A2329D1BAC69C3005E2348 = {
						CreatedOnToolsVersion = 7.0;
						TestTargetID = 44A232791BAC69C3005E2348;
					};
				};
			};
			buildConfigurationList = 44A232751BAC69C3005E2348 /* Build configuration list for PBXProject "ClassMembers" */;
			compatibilityVersion = "Xcode 3.2";
			developmentRegion = English;
			hasScannedForEncodings = 0;
			knownRegions = (
				en,
				Base,
			);
			mainGroup = 44A232711BAC69C3005E2348;
			productRefGroup = 44A2327B1BAC69C3005E2348 /* Products */;
			projectDirPath = "";
			projectRoot = "";
			targets = (
				44A232791BAC69C3005E2348 /* ClassMembers */,
				44A232921BAC69C3005E2348 /* ClassMembersTests */,
				44A2329D1BAC69C3005E2348 /* ClassMembersUITests */,
			);
		};
/* End PBXProject section */

/* Begin PBXResourcesBuildPhase section */
		44A232781BAC69C3005E2348 /* Resources */ = {
			isa = PBXResourcesBuildPhase;
			buildActionMask = 2147483647;
			files = (
				44A2328D1BAC69C3005E2348 /* LaunchScreen.storyboard in Resources */,
				44A2328A1BAC69C3005E2348 /* Assets.xcassets in Resources */,
				44A232881BAC69C3005E2348 /* Main.storyboard in Resources */,
			);
			runOnlyForDeploymentPostprocessing = 0;
		};
		44A232911BAC69C3005E2348 /* Resources */ = {
			isa = PBXResourcesBuildPhase;
			buildActionMask = 2147483647;
			files = (
			);
			runOnlyForDeploymentPostprocessing = 0;
		};
		44A2329C1BAC69C3005E2348 /* Resources */ = {
			isa = PBXResourcesBuildPhase;
			buildActionMask = 2147483647;
			files = (
			);
			runOnlyForDeploymentPostprocessing = 0;
		};
/* End PBXResourcesBuildPhase section */

/* Begin PBXSourcesBuildPhase section */
		44A232761BAC69C3005E2348 /* Sources */ = {
			isa = PBXSourcesBuildPhase;
			buildActionMask = 2147483647;
			files = (
				44A232851BAC69C3005E2348 /* ViewController.m in Sources */,
				44A232821BAC69C3005E2348 /* AppDelegate.m in Sources */,
				44A2327F1BAC69C3005E2348 /* main.m in Sources */,
				44A232B51BADC030005E2348 /* DetailViewController.m in Sources */,
			);
			runOnlyForDeploymentPostprocessing = 0;
		};
		44A2328F1BAC69C3005E2348 /* Sources */ = {
			isa = PBXSourcesBuildPhase;
			buildActionMask = 2147483647;
			files = (
				44A232981BAC69C3005E2348 /* ClassMembersTests.m in Sources */,
			);
			runOnlyForDeploymentPostprocessing = 0;
		};
		44A2329A1BAC69C3005E2348 /* Sources */ = {
			isa = PBXSourcesBuildPhase;
			buildActionMask = 2147483647;
			files = (
				44A232A31BAC69C3005E2348 /* ClassMembersUITests.m in Sources */,
			);
			runOnlyForDeploymentPostprocessing = 0;
		};
/* End PBXSourcesBuildPhase section */

/* Begin PBXTargetDependency section */
		44A232951BAC69C3005E2348 /* PBXTargetDependency */ = {
			isa = PBXTargetDependency;
			target = 44A232791BAC69C3005E2348 /* ClassMembers */;
			targetProxy = 44A232941BAC69C3005E2348 /* PBXContainerItemProxy */;
		};
		44A232A01BAC69C3005E2348 /* PBXTargetDependency */ = {
			isa = PBXTargetDependency;
			target = 44A232791BAC69C3005E2348 /* ClassMembers */;
			targetProxy = 44A2329F1BAC69C3005E2348 /* PBXContainerItemProxy */;
		};
/* End PBXTargetDependency section */

/* Begin PBXVariantGroup section */
		44A232861BAC69C3005E2348 /* Main.storyboard */ = {
			isa = PBXVariantGroup;
			children = (
				44A232871BAC69C3005E2348 /* Base */,
			);
			name = Main.storyboard;
			sourceTree = "<group>";
		};
		44A2328B1BAC69C3005E2348 /* LaunchScreen.storyboard */ = {
			isa = PBXVariantGroup;
			children = (
				44A2328C1BAC69C3005E2348 /* Base */,
			);
			name = LaunchScreen.storyboard;
			sourceTree = "<group>";
		};
/* End PBXVariantGroup section */

/* Begin XCBuildConfiguration section */
		44A232A51BAC69C3005E2348 /* Debug */ = {
			isa = XCBuildConfiguration;
			buildSettings = {
				ALWAYS_SEARCH_USER_PATHS = NO;
				CLANG_CXX_LANGUAGE_STANDARD = "gnu++0x";
				CLANG_CXX_LIBRARY = "libc++";
				CLANG_ENABLE_MODULES = YES;
				CLANG_ENABLE_OBJC_ARC = YES;
				CLANG_WARN_BOOL_CONVERSION = YES;
				CLANG_WARN_CONSTANT_CONVERSION = YES;
				CLANG_WARN_DIRECT_OBJC_ISA_USAGE = YES_ERROR;
				CLANG_WARN_EMPTY_BODY = YES;
				CLANG_WARN_ENUM_CONVERSION = YES;
				CLANG_WARN_INT_CONVERSION = YES;
				CLANG_WARN_OBJC_ROOT_CLASS = YES_ERROR;
				CLANG_WARN_UNREACHABLE_CODE = YES;
				CLANG_WARN__DUPLICATE_METHOD_MATCH = YES;
				"CODE_SIGN_IDENTITY[sdk=iphoneos*]" = "iPhone Developer";
				COPY_PHASE_STRIP = NO;
				DEBUG_INFORMATION_FORMAT = dwarf;
				ENABLE_STRICT_OBJC_MSGSEND = YES;
				ENABLE_TESTABILITY = YES;
				GCC_C_LANGUAGE_STANDARD = gnu99;
				GCC_DYNAMIC_NO_PIC = NO;
				GCC_NO_COMMON_BLOCKS = YES;
				GCC_OPTIMIZATION_LEVEL = 0;
				GCC_PREPROCESSOR_DEFINITIONS = (
					"DEBUG=1",
					"$(inherited)",
				);
				GCC_WARN_64_TO_32_BIT_CONVERSION = YES;
				GCC_WARN_ABOUT_RETURN_TYPE = YES_ERROR;
				GCC_WARN_UNDECLARED_SELECTOR = YES;
				GCC_WARN_UNINITIALIZED_AUTOS = YES_AGGRESSIVE;
				GCC_WARN_UNUSED_FUNCTION = YES;
				GCC_WARN_UNUSED_VARIABLE = YES;
				IPHONEOS_DEPLOYMENT_TARGET = 9.0;
				MTL_ENABLE_DEBUG_INFO = YES;
				ONLY_ACTIVE_ARCH = YES;
				SDKROOT = iphoneos;
			};
			name = Debug;
		};
		44A232A61BAC69C3005E2348 /* Release */ = {
			isa = XCBuildConfiguration;
			buildSettings = {
				ALWAYS_SEARCH_USER_PATHS = NO;
				CLANG_CXX_LANGUAGE_STANDARD = "gnu++0x";
				CLANG_CXX_LIBRARY = "libc++";
				CLANG_ENABLE_MODULES = YES;
				CLANG_ENABLE_OBJC_ARC = YES;
				CLANG_WARN_BOOL_CONVERSION = YES;
				CLANG_WARN_CONSTANT_CONVERSION = YES;
				CLANG_WARN_DIRECT_OBJC_ISA_USAGE = YES_ERROR;
				CLANG_WARN_EMPTY_BODY = YES;
				CLANG_WARN_ENUM_CONVERSION = YES;
				CLANG_WARN_INT_CONVERSION = YES;
				CLANG_WARN_OBJC_ROOT_CLASS = YES_ERROR;
				CLANG_WARN_UNREACHABLE_CODE = YES;
				CLANG_WARN__DUPLICATE_METHOD_MATCH = YES;
				"CODE_SIGN_IDENTITY[sdk=iphoneos*]" = "iPhone Developer";
				COPY_PHASE_STRIP = NO;
				DEBUG_INFORMATION_FORMAT = "dwarf-with-dsym";
				ENABLE_NS_ASSERTIONS = NO;
				ENABLE_STRICT_OBJC_MSGSEND = YES;
				GCC_C_LANGUAGE_STANDARD = gnu99;
				GCC_NO_COMMON_BLOCKS = YES;
				GCC_WARN_64_TO_32_BIT_CONVERSION = YES;
				GCC_WARN_ABOUT_RETURN_TYPE = YES_ERROR;
				GCC_WARN_UNDECLARED_SELECTOR = YES;
				GCC_WARN_UNINITIALIZED_AUTOS = YES_AGGRESSIVE;
				GCC_WARN_UNUSED_FUNCTION = YES;
				GCC_WARN_UNUSED_VARIABLE = YES;
				IPHONEOS_DEPLOYMENT_TARGET = 9.0;
				MTL_ENABLE_DEBUG_INFO = NO;
				SDKROOT = iphoneos;
				VALIDATE_PRODUCT = YES;
			};
			name = Release;
		};
		44A232A81BAC69C3005E2348 /* Debug */ = {
			isa = XCBuildConfiguration;
			buildSettings = {
				ASSETCATALOG_COMPILER_APPICON_NAME = AppIcon;
				INFOPLIST_FILE = ClassMembers/Info.plist;
				LD_RUNPATH_SEARCH_PATHS = "$(inherited) @executable_path/Frameworks";
				PRODUCT_BUNDLE_IDENTIFIER = com.awesometistic.ClassMembers;
				PRODUCT_NAME = "$(TARGET_NAME)";
			};
			name = Debug;
		};
		44A232A91BAC69C3005E2348 /* Release */ = {
			isa = XCBuildConfiguration;
			buildSettings = {
				ASSETCATALOG_COMPILER_APPICON_NAME = AppIcon;
				INFOPLIST_FILE = ClassMembers/Info.plist;
				LD_RUNPATH_SEARCH_PATHS = "$(inherited) @executable_path/Frameworks";
				PRODUCT_BUNDLE_IDENTIFIER = com.awesometistic.ClassMembers;
				PRODUCT_NAME = "$(TARGET_NAME)";
			};
			name = Release;
		};
		44A232AB1BAC69C3005E2348 /* Debug */ = {
			isa = XCBuildConfiguration;
			buildSettings = {
				BUNDLE_LOADER = "$(TEST_HOST)";
				INFOPLIST_FILE = ClassMembersTests/Info.plist;
				LD_RUNPATH_SEARCH_PATHS = "$(inherited) @executable_path/Frameworks @loader_path/Frameworks";
				PRODUCT_BUNDLE_IDENTIFIER = com.awesometistic.ClassMembersTests;
				PRODUCT_NAME = "$(TARGET_NAME)";
				TEST_HOST = "$(BUILT_PRODUCTS_DIR)/ClassMembers.app/ClassMembers";
			};
			name = Debug;
		};
		44A232AC1BAC69C3005E2348 /* Release */ = {
			isa = XCBuildConfiguration;
			buildSettings = {
				BUNDLE_LOADER = "$(TEST_HOST)";
				INFOPLIST_FILE = ClassMembersTests/Info.plist;
				LD_RUNPATH_SEARCH_PATHS = "$(inherited) @executable_path/Frameworks @loader_path/Frameworks";
				PRODUCT_BUNDLE_IDENTIFIER = com.awesometistic.ClassMembersTests;
				PRODUCT_NAME = "$(TARGET_NAME)";
				TEST_HOST = "$(BUILT_PRODUCTS_DIR)/ClassMembers.app/ClassMembers";
			};
			name = Release;
		};
		44A232AE1BAC69C3005E2348 /* Debug */ = {
			isa = XCBuildConfiguration;
			buildSettings = {
				INFOPLIST_FILE = ClassMembersUITests/Info.plist;
				LD_RUNPATH_SEARCH_PATHS = "$(inherited) @executable_path/Frameworks @loader_path/Frameworks";
				PRODUCT_BUNDLE_IDENTIFIER = com.awesometistic.ClassMembersUITests;
				PRODUCT_NAME = "$(TARGET_NAME)";
				TEST_TARGET_NAME = ClassMembers;
				USES_XCTRUNNER = YES;
			};
			name = Debug;
		};
		44A232AF1BAC69C3005E2348 /* Release */ = {
			isa = XCBuildConfiguration;
			buildSettings = {
				INFOPLIST_FILE = ClassMembersUITests/Info.plist;
				LD_RUNPATH_SEARCH_PATHS = "$(inherited) @executable_path/Frameworks @loader_path/Frameworks";
				PRODUCT_BUNDLE_IDENTIFIER = com.awesometistic.ClassMembersUITests;
				PRODUCT_NAME = "$(TARGET_NAME)";
				TEST_TARGET_NAME = ClassMembers;
				USES_XCTRUNNER = YES;
			};
			name = Release;
		};
/* End XCBuildConfiguration section */

/* Begin XCConfigurationList section */
		44A232751BAC69C3005E2348 /* Build configuration list for PBXProject "ClassMembers" */ = {
			isa = XCConfigurationList;
			buildConfigurations = (
				44A232A51BAC69C3005E2348 /* Debug */,
				44A232A61BAC69C3005E2348 /* Release */,
			);
			defaultConfigurationIsVisible = 0;
			defaultConfigurationName = Release;
		};
		44A232A71BAC69C3005E2348 /* Build configuration list for PBXNativeTarget "ClassMembers" */ = {
			isa = XCConfigurationList;
			buildConfigurations = (
				44A232A81BAC69C3005E2348 /* Debug */,
				44A232A91BAC69C3005E2348 /* Release */,
			);
			defaultConfigurationIsVisible = 0;
		};
		44A232AA1BAC69C3005E2348 /* Build configuration list for PBXNativeTarget "ClassMembersTests" */ = {
			isa = XCConfigurationList;
			buildConfigurations = (
				44A232AB1BAC69C3005E2348 /* Debug */,
				44A232AC1BAC69C3005E2348 /* Release */,
			);
			defaultConfigurationIsVisible = 0;
		};
		44A232AD1BAC69C3005E2348 /* Build configuration list for PBXNativeTarget "ClassMembersUITests" */ = {
			isa = XCConfigurationList;
			buildConfigurations = (
				44A232AE1BAC69C3005E2348 /* Debug */,
				44A232AF1BAC69C3005E2348 /* Release */,
			);
			defaultConfigurationIsVisible = 0;
		};
/* End XCConfigurationList section */
	};
	rootObject = 44A232721BAC69C3005E2348 /* Project object */;
}
